
Microsoft Visual Studio Solution File, Format Version 12.00
# Visual Studio Version 17
VisualStudioVersion = 17.14.36717.8
MinimumVisualStudioVersion = 10.0.40219.1
Project("{FAE04EC0-301F-11D3-BF4B-00C04F79EFBC}") = "Controllers", "Controllers\Controllers.csproj", "{0391EE60-1EB9-43E3-B667-633C6A9F0DB5}"
EndProject
Project("{FAE04EC0-301F-11D3-BF4B-00C04F79EFBC}") = "Domain", "Domain\Domain.csproj", "{45F2121E-288A-4531-96C4-0A5398C36FF4}"
EndProject
Project("{FAE04EC0-301F-11D3-BF4B-00C04F79EFBC}") = "Infrastructure", "Infrastructure\Infrastructure.csproj", "{1430DDBB-0EF6-4F7F-A7EC-2D172B3047E0}"
EndProject
Project("{FAE04EC0-301F-11D3-BF4B-00C04F79EFBC}") = "Application", "Application\Application.csproj", "{9A1E72A4-7412-4E55-A12C-B63638CA4096}"
EndProject
Global
	GlobalSection(SolutionConfigurationPlatforms) = preSolution
		Debug|Any CPU = Debug|Any CPU
		Release|Any CPU = Release|Any CPU
	EndGlobalSection
	GlobalSection(ProjectConfigurationPlatforms) = postSolution
		{0391EE60-1EB9-43E3-B667-633C6A9F0DB5}.Debug|Any CPU.ActiveCfg = Debug|Any CPU
		{0391EE60-1EB9-43E3-B667-633C6A9F0DB5}.Debug|Any CPU.Build.0 = Debug|Any CPU
		{0391EE60-1EB9-43E3-B667-633C6A9F0DB5}.Release|Any CPU.ActiveCfg = Release|Any CPU
		{0391EE60-1EB9-43E3-B667-633C6A9F0DB5}.Release|Any CPU.Build.0 = Release|Any CPU
		{45F2121E-288A-4531-96C4-0A5398C36FF4}.Debug|Any CPU.ActiveCfg = Debug|Any CPU
		{45F2121E-288A-4531-96C4-0A5398C36FF4}.Debug|Any CPU.Build.0 = Debug|Any CPU
		{45F2121E-288A-4531-96C4-0A5398C36FF4}.Release|Any CPU.ActiveCfg = Release|Any CPU
		{45F2121E-288A-4531-96C4-0A5398C36FF4}.Release|Any CPU.Build.0 = Release|Any CPU
		{1430DDBB-0EF6-4F7F-A7EC-2D172B3047E0}.Debug|Any CPU.ActiveCfg = Debug|Any CPU
		{1430DDBB-0EF6-4F7F-A7EC-2D172B3047E0}.Debug|Any CPU.Build.0 = Debug|Any CPU
		{1430DDBB-0EF6-4F7F-A7EC-2D172B3047E0}.Release|Any CPU.ActiveCfg = Release|Any CPU
		{1430DDBB-0EF6-4F7F-A7EC-2D172B3047E0}.Release|Any CPU.Build.0 = Release|Any CPU
		{9A1E72A4-7412-4E55-A12C-B63638CA4096}.Debug|Any CPU.ActiveCfg = Debug|Any CPU
		{9A1E72A4-7412-4E55-A12C-B63638CA4096}.Debug|Any CPU.Build.0 = Debug|Any CPU
		{9A1E72A4-7412-4E55-A12C-B63638CA4096}.Release|Any CPU.ActiveCfg = Release|Any CPU
		{9A1E72A4-7412-4E55-A12C-B63638CA4096}.Release|Any CPU.Build.0 = Release|Any CPU
	EndGlobalSection
	GlobalSection(SolutionProperties) = preSolution
		HideSolutionNode = FALSE
	EndGlobalSection
	GlobalSection(ExtensibilityGlobals) = postSolution
		SolutionGuid = {95A83034-E78B-4035-AB5B-379A3FA2BD3A}
	EndGlobalSection
EndGlobal
