
Microsoft Visual Studio Solution File, Format Version 12.00
# Visual Studio Version 17
VisualStudioVersion = 17.14.36717.8
MinimumVisualStudioVersion = 10.0.40219.1
Project("{FAE04EC0-301F-11D3-BF4B-00C04F79EFBC}") = "API", "..\UserService\API\API.csproj", "{AEADADAC-668A-6918-879C-084500D081FB}"
EndProject
Global
	GlobalSection(SolutionConfigurationPlatforms) = preSolution
		Debug|Any CPU = Debug|Any CPU
		Release|Any CPU = Release|Any CPU
	EndGlobalSection
	GlobalSection(ProjectConfigurationPlatforms) = postSolution
		{AEADADAC-668A-6918-879C-084500D081FB}.Debug|Any CPU.ActiveCfg = Debug|Any CPU
		{AEADADAC-668A-6918-879C-084500D081FB}.Debug|Any CPU.Build.0 = Debug|Any CPU
		{AEADADAC-668A-6918-879C-084500D081FB}.Release|Any CPU.ActiveCfg = Release|Any CPU
		{AEADADAC-668A-6918-879C-084500D081FB}.Release|Any CPU.Build.0 = Release|Any CPU
	EndGlobalSection
	GlobalSection(SolutionProperties) = preSolution
		HideSolutionNode = FALSE
	EndGlobalSection
	GlobalSection(ExtensibilityGlobals) = postSolution
		SolutionGuid = {95A83034-E78B-4035-AB5B-379A3FA2BD3A}
	EndGlobalSection
EndGlobal
